// !$*UTF8*$!
{
	archiveVersion = 1;
	classes = {
	};
	objectVersion = 46;
	objects = {

/* Begin PBXBuildFile section */
		0B763B96AA8D4C4DB3124A92 /* libPods-FoundationExtensionsAppTests.a in Frameworks */ = {isa = PBXBuildFile; fileRef = 2507EB090AF140669FADF807 /* libPods-FoundationExtensionsAppTests.a */; };
		860EDA3A17F7CF8F001BEEEE /* Foundation.framework in Frameworks */ = {isa = PBXBuildFile; fileRef = 860EDA3917F7CF8F001BEEEE /* Foundation.framework */; };
		860EDA3C17F7CF8F001BEEEE /* CoreGraphics.framework in Frameworks */ = {isa = PBXBuildFile; fileRef = 860EDA3B17F7CF8F001BEEEE /* CoreGraphics.framework */; };
		860EDA3E17F7CF8F001BEEEE /* UIKit.framework in Frameworks */ = {isa = PBXBuildFile; fileRef = 860EDA3D17F7CF8F001BEEEE /* UIKit.framework */; };
		860EDA4417F7CF8F001BEEEE /* InfoPlist.strings in Resources */ = {isa = PBXBuildFile; fileRef = 860EDA4217F7CF8F001BEEEE /* InfoPlist.strings */; };
		860EDA4617F7CF8F001BEEEE /* main.m in Sources */ = {isa = PBXBuildFile; fileRef = 860EDA4517F7CF8F001BEEEE /* main.m */; };
		860EDA4A17F7CF8F001BEEEE /* AppDelegate.m in Sources */ = {isa = PBXBuildFile; fileRef = 860EDA4917F7CF8F001BEEEE /* AppDelegate.m */; };
		860EDA5317F7CF8F001BEEEE /* ViewController.m in Sources */ = {isa = PBXBuildFile; fileRef = 860EDA5217F7CF8F001BEEEE /* ViewController.m */; };
		860EDA5517F7CF8F001BEEEE /* Images.xcassets in Resources */ = {isa = PBXBuildFile; fileRef = 860EDA5417F7CF8F001BEEEE /* Images.xcassets */; };
		860EDA7717F7CFAF001BEEEE /* SenTestingKit.framework in Frameworks */ = {isa = PBXBuildFile; fileRef = 860EDA7617F7CFAF001BEEEE /* SenTestingKit.framework */; };
		860EDA7817F7CFAF001BEEEE /* Foundation.framework in Frameworks */ = {isa = PBXBuildFile; fileRef = 860EDA3917F7CF8F001BEEEE /* Foundation.framework */; };
		860EDA7917F7CFAF001BEEEE /* UIKit.framework in Frameworks */ = {isa = PBXBuildFile; fileRef = 860EDA3D17F7CF8F001BEEEE /* UIKit.framework */; };
		860EDA7F17F7CFAF001BEEEE /* InfoPlist.strings in Resources */ = {isa = PBXBuildFile; fileRef = 860EDA7D17F7CFAF001BEEEE /* InfoPlist.strings */; };
		860EDAF417F7CFDF001BEEEE /* Core_Tests.m in Sources */ = {isa = PBXBuildFile; fileRef = 860EDAC117F7CFC1001BEEEE /* Core_Tests.m */; };
		860EDAF517F7CFDF001BEEEE /* Flattening_Tests.m in Sources */ = {isa = PBXBuildFile; fileRef = 860EDAC217F7CFC1001BEEEE /* Flattening_Tests.m */; };
		860EDAF617F7CFDF001BEEEE /* Mapping_Tests.m in Sources */ = {isa = PBXBuildFile; fileRef = 860EDAC317F7CFC1001BEEEE /* Mapping_Tests.m */; };
		860EDAF717F7CFDF001BEEEE /* Querying_Tests.m in Sources */ = {isa = PBXBuildFile; fileRef = 860EDAC417F7CFC1001BEEEE /* Querying_Tests.m */; };
		860EDAF817F7CFDF001BEEEE /* NSDictionary_Tests.m in Sources */ = {isa = PBXBuildFile; fileRef = 860EDAC617F7CFC1001BEEEE /* NSDictionary_Tests.m */; };
		860EDAF917F7CFDF001BEEEE /* Core_Tests.m in Sources */ = {isa = PBXBuildFile; fileRef = 860EDAC817F7CFC1001BEEEE /* Core_Tests.m */; };
		860EDAFA17F7CFDF001BEEEE /* NSObjCRuntime_Tests.m in Sources */ = {isa = PBXBuildFile; fileRef = 860EDACA17F7CFC1001BEEEE /* NSObjCRuntime_Tests.m */; };
		860EDAFB17F7CFDF001BEEEE /* Core_Tests.m in Sources */ = {isa = PBXBuildFile; fileRef = 860EDACC17F7CFC1001BEEEE /* Core_Tests.m */; };
		860EDAFC17F7CFDF001BEEEE /* NSRange_Tests.m in Sources */ = {isa = PBXBuildFile; fileRef = 860EDACE17F7CFC1001BEEEE /* NSRange_Tests.m */; };
		860EDAFD17F7CFDF001BEEEE /* Core_Tests.m in Sources */ = {isa = PBXBuildFile; fileRef = 860EDAD017F7CFC1001BEEEE /* Core_Tests.m */; };
		860EDAFE17F7CFDF001BEEEE /* Capitalization_Tests.m in Sources */ = {isa = PBXBuildFile; fileRef = 860EDAD217F7CFC1001BEEEE /* Capitalization_Tests.m */; };
		860EDAFF17F7CFDF001BEEEE /* URL_Tests.m in Sources */ = {isa = PBXBuildFile; fileRef = 860EDAD317F7CFC1001BEEEE /* URL_Tests.m */; };
		860EDB0017F7CFDF001BEEEE /* QueryComponents_Tests.m in Sources */ = {isa = PBXBuildFile; fileRef = 860EDAD517F7CFC1001BEEEE /* QueryComponents_Tests.m */; };
		860EDB0117F7CFEA001BEEEE /* Core.m in Sources */ = {isa = PBXBuildFile; fileRef = 860EDA8C17F7CFC1001BEEEE /* Core.m */; };
		860EDB0217F7CFEA001BEEEE /* Flattening.m in Sources */ = {isa = PBXBuildFile; fileRef = 860EDA8E17F7CFC1001BEEEE /* Flattening.m */; };
		860EDB0317F7CFEA001BEEEE /* Mapping.m in Sources */ = {isa = PBXBuildFile; fileRef = 860EDA9017F7CFC1001BEEEE /* Mapping.m */; };
		860EDB0417F7CFEA001BEEEE /* Querying.m in Sources */ = {isa = PBXBuildFile; fileRef = 860EDA9217F7CFC1001BEEEE /* Querying.m */; };
		860EDB0517F7CFF7001BEEEE /* Inversion.m in Sources */ = {isa = PBXBuildFile; fileRef = 860EDA9617F7CFC1001BEEEE /* Inversion.m */; };
		860EDB0617F7CFF7001BEEEE /* URL.m in Sources */ = {isa = PBXBuildFile; fileRef = 860EDA9817F7CFC1001BEEEE /* URL.m */; };
		860EDB0717F7CFF7001BEEEE /* Core.m in Sources */ = {isa = PBXBuildFile; fileRef = 860EDA9C17F7CFC1001BEEEE /* Core.m */; };
		860EDB0817F7CFF7001BEEEE /* Blocks.m in Sources */ = {isa = PBXBuildFile; fileRef = 860EDAA117F7CFC1001BEEEE /* Blocks.m */; };
		860EDB0917F7CFF7001BEEEE /* Core.m in Sources */ = {isa = PBXBuildFile; fileRef = 860EDAA717F7CFC1001BEEEE /* Core.m */; };
		860EDB0A17F7CFF7001BEEEE /* Core.m in Sources */ = {isa = PBXBuildFile; fileRef = 860EDAAC17F7CFC1001BEEEE /* Core.m */; };
		860EDB0B17F7CFF7001BEEEE /* Capitalization.m in Sources */ = {isa = PBXBuildFile; fileRef = 860EDAB017F7CFC1001BEEEE /* Capitalization.m */; };
		860EDB0C17F7CFF7001BEEEE /* Concatenation.m in Sources */ = {isa = PBXBuildFile; fileRef = 860EDAB217F7CFC1001BEEEE /* Concatenation.m */; };
		860EDB0D17F7CFF7001BEEEE /* Core.m in Sources */ = {isa = PBXBuildFile; fileRef = 860EDAB417F7CFC1001BEEEE /* Core.m */; };
		860EDB0E17F7CFF7001BEEEE /* RegularExpressions.m in Sources */ = {isa = PBXBuildFile; fileRef = 860EDAB617F7CFC1001BEEEE /* RegularExpressions.m */; };
		860EDB0F17F7CFF7001BEEEE /* URL.m in Sources */ = {isa = PBXBuildFile; fileRef = 860EDAB817F7CFC1001BEEEE /* URL.m */; };
		860EDB1017F7CFF7001BEEEE /* QueryComponents.m in Sources */ = {isa = PBXBuildFile; fileRef = 860EDABC17F7CFC1001BEEEE /* QueryComponents.m */; };
/* End PBXBuildFile section */

/* Begin PBXContainerItemProxy section */
		860EDA8317F7CFAF001BEEEE /* PBXContainerItemProxy */ = {
			isa = PBXContainerItemProxy;
			containerPortal = 860EDA2E17F7CF8F001BEEEE /* Project object */;
			proxyType = 1;
			remoteGlobalIDString = 860EDA3517F7CF8F001BEEEE;
			remoteInfo = FoundationExtensionsApp;
		};
/* End PBXContainerItemProxy section */

/* Begin PBXFileReference section */
		2507EB090AF140669FADF807 /* libPods-FoundationExtensionsAppTests.a */ = {isa = PBXFileReference; explicitFileType = archive.ar; includeInIndex = 0; path = "libPods-FoundationExtensionsAppTests.a"; sourceTree = BUILT_PRODUCTS_DIR; };
		860EDA3617F7CF8F001BEEEE /* FoundationExtensionsApp.app */ = {isa = PBXFileReference; explicitFileType = wrapper.application; includeInIndex = 0; path = FoundationExtensionsApp.app; sourceTree = BUILT_PRODUCTS_DIR; };
		860EDA3917F7CF8F001BEEEE /* Foundation.framework */ = {isa = PBXFileReference; lastKnownFileType = wrapper.framework; name = Foundation.framework; path = System/Library/Frameworks/Foundation.framework; sourceTree = SDKROOT; };
		860EDA3B17F7CF8F001BEEEE /* CoreGraphics.framework */ = {isa = PBXFileReference; lastKnownFileType = wrapper.framework; name = CoreGraphics.framework; path = System/Library/Frameworks/CoreGraphics.framework; sourceTree = SDKROOT; };
		860EDA3D17F7CF8F001BEEEE /* UIKit.framework */ = {isa = PBXFileReference; lastKnownFileType = wrapper.framework; name = UIKit.framework; path = System/Library/Frameworks/UIKit.framework; sourceTree = SDKROOT; };
		860EDA4117F7CF8F001BEEEE /* FoundationExtensionsApp-Info.plist */ = {isa = PBXFileReference; lastKnownFileType = text.plist.xml; path = "FoundationExtensionsApp-Info.plist"; sourceTree = "<group>"; };
		860EDA4317F7CF8F001BEEEE /* en */ = {isa = PBXFileReference; lastKnownFileType = text.plist.strings; name = en; path = en.lproj/InfoPlist.strings; sourceTree = "<group>"; };
		860EDA4517F7CF8F001BEEEE /* main.m */ = {isa = PBXFileReference; lastKnownFileType = sourcecode.c.objc; path = main.m; sourceTree = "<group>"; };
		860EDA4717F7CF8F001BEEEE /* FoundationExtensionsApp-Prefix.pch */ = {isa = PBXFileReference; lastKnownFileType = sourcecode.c.h; path = "FoundationExtensionsApp-Prefix.pch"; sourceTree = "<group>"; };
		860EDA4817F7CF8F001BEEEE /* AppDelegate.h */ = {isa = PBXFileReference; lastKnownFileType = sourcecode.c.h; path = AppDelegate.h; sourceTree = "<group>"; };
		860EDA4917F7CF8F001BEEEE /* AppDelegate.m */ = {isa = PBXFileReference; lastKnownFileType = sourcecode.c.objc; path = AppDelegate.m; sourceTree = "<group>"; };
		860EDA5117F7CF8F001BEEEE /* ViewController.h */ = {isa = PBXFileReference; lastKnownFileType = sourcecode.c.h; path = ViewController.h; sourceTree = "<group>"; };
		860EDA5217F7CF8F001BEEEE /* ViewController.m */ = {isa = PBXFileReference; lastKnownFileType = sourcecode.c.objc; path = ViewController.m; sourceTree = "<group>"; };
		860EDA5417F7CF8F001BEEEE /* Images.xcassets */ = {isa = PBXFileReference; lastKnownFileType = folder.assetcatalog; path = Images.xcassets; sourceTree = "<group>"; };
		860EDA5B17F7CF8F001BEEEE /* XCTest.framework */ = {isa = PBXFileReference; lastKnownFileType = wrapper.framework; name = XCTest.framework; path = Library/Frameworks/XCTest.framework; sourceTree = DEVELOPER_DIR; };
		860EDA7517F7CFAF001BEEEE /* FoundationExtensionsAppTests.octest */ = {isa = PBXFileReference; explicitFileType = wrapper.cfbundle; includeInIndex = 0; path = FoundationExtensionsAppTests.octest; sourceTree = BUILT_PRODUCTS_DIR; };
		860EDA7617F7CFAF001BEEEE /* SenTestingKit.framework */ = {isa = PBXFileReference; lastKnownFileType = wrapper.framework; name = SenTestingKit.framework; path = Library/Frameworks/SenTestingKit.framework; sourceTree = DEVELOPER_DIR; };
		860EDA7C17F7CFAF001BEEEE /* FoundationExtensionsAppTests-Info.plist */ = {isa = PBXFileReference; lastKnownFileType = text.plist.xml; path = "FoundationExtensionsAppTests-Info.plist"; sourceTree = "<group>"; };
		860EDA7E17F7CFAF001BEEEE /* en */ = {isa = PBXFileReference; lastKnownFileType = text.plist.strings; name = en; path = en.lproj/InfoPlist.strings; sourceTree = "<group>"; };
		860EDA8217F7CFAF001BEEEE /* FoundationExtensionsAppTests-Prefix.pch */ = {isa = PBXFileReference; lastKnownFileType = sourcecode.c.h; path = "FoundationExtensionsAppTests-Prefix.pch"; sourceTree = "<group>"; };
		860EDA8917F7CFC1001BEEEE /* FoundationsExtensions.h */ = {isa = PBXFileReference; fileEncoding = 4; lastKnownFileType = sourcecode.c.h; path = FoundationsExtensions.h; sourceTree = "<group>"; };
		860EDA8B17F7CFC1001BEEEE /* Core.h */ = {isa = PBXFileReference; fileEncoding = 4; lastKnownFileType = sourcecode.c.h; path = Core.h; sourceTree = "<group>"; };
		860EDA8C17F7CFC1001BEEEE /* Core.m */ = {isa = PBXFileReference; fileEncoding = 4; lastKnownFileType = sourcecode.c.objc; path = Core.m; sourceTree = "<group>"; };
		860EDA8D17F7CFC1001BEEEE /* Flattening.h */ = {isa = PBXFileReference; fileEncoding = 4; lastKnownFileType = sourcecode.c.h; path = Flattening.h; sourceTree = "<group>"; };
		860EDA8E17F7CFC1001BEEEE /* Flattening.m */ = {isa = PBXFileReference; fileEncoding = 4; lastKnownFileType = sourcecode.c.objc; path = Flattening.m; sourceTree = "<group>"; };
		860EDA8F17F7CFC1001BEEEE /* Mapping.h */ = {isa = PBXFileReference; fileEncoding = 4; lastKnownFileType = sourcecode.c.h; path = Mapping.h; sourceTree = "<group>"; };
		860EDA9017F7CFC1001BEEEE /* Mapping.m */ = {isa = PBXFileReference; fileEncoding = 4; lastKnownFileType = sourcecode.c.objc; path = Mapping.m; sourceTree = "<group>"; };
		860EDA9117F7CFC1001BEEEE /* Querying.h */ = {isa = PBXFileReference; fileEncoding = 4; lastKnownFileType = sourcecode.c.h; path = Querying.h; sourceTree = "<group>"; };
		860EDA9217F7CFC1001BEEEE /* Querying.m */ = {isa = PBXFileReference; fileEncoding = 4; lastKnownFileType = sourcecode.c.objc; path = Querying.m; sourceTree = "<group>"; };
		860EDA9317F7CFC1001BEEEE /* NSArray.h */ = {isa = PBXFileReference; fileEncoding = 4; lastKnownFileType = sourcecode.c.h; path = NSArray.h; sourceTree = "<group>"; };
		860EDA9517F7CFC1001BEEEE /* Inversion.h */ = {isa = PBXFileReference; fileEncoding = 4; lastKnownFileType = sourcecode.c.h; path = Inversion.h; sourceTree = "<group>"; };
		860EDA9617F7CFC1001BEEEE /* Inversion.m */ = {isa = PBXFileReference; fileEncoding = 4; lastKnownFileType = sourcecode.c.objc; path = Inversion.m; sourceTree = "<group>"; };
		860EDA9717F7CFC1001BEEEE /* URL.h */ = {isa = PBXFileReference; fileEncoding = 4; lastKnownFileType = sourcecode.c.h; path = URL.h; sourceTree = "<group>"; };
		860EDA9817F7CFC1001BEEEE /* URL.m */ = {isa = PBXFileReference; fileEncoding = 4; lastKnownFileType = sourcecode.c.objc; path = URL.m; sourceTree = "<group>"; };
		860EDA9917F7CFC1001BEEEE /* NSDictionary.h */ = {isa = PBXFileReference; fileEncoding = 4; lastKnownFileType = sourcecode.c.h; path = NSDictionary.h; sourceTree = "<group>"; };
		860EDA9B17F7CFC1001BEEEE /* Core.h */ = {isa = PBXFileReference; fileEncoding = 4; lastKnownFileType = sourcecode.c.h; path = Core.h; sourceTree = "<group>"; };
		860EDA9C17F7CFC1001BEEEE /* Core.m */ = {isa = PBXFileReference; fileEncoding = 4; lastKnownFileType = sourcecode.c.objc; path = Core.m; sourceTree = "<group>"; };
		860EDA9D17F7CFC1001BEEEE /* NSIndexSet.h */ = {isa = PBXFileReference; fileEncoding = 4; lastKnownFileType = sourcecode.c.h; path = NSIndexSet.h; sourceTree = "<group>"; };
		860EDA9E17F7CFC1001BEEEE /* NSObjCRuntime.h */ = {isa = PBXFileReference; fileEncoding = 4; lastKnownFileType = sourcecode.c.h; path = NSObjCRuntime.h; sourceTree = "<group>"; };
		860EDAA017F7CFC1001BEEEE /* Blocks.h */ = {isa = PBXFileReference; fileEncoding = 4; lastKnownFileType = sourcecode.c.h; path = Blocks.h; sourceTree = "<group>"; };
		860EDAA117F7CFC1001BEEEE /* Blocks.m */ = {isa = PBXFileReference; fileEncoding = 4; lastKnownFileType = sourcecode.c.objc; path = Blocks.m; sourceTree = "<group>"; };
		860EDAA217F7CFC1001BEEEE /* OrderedCollection.h */ = {isa = PBXFileReference; fileEncoding = 4; lastKnownFileType = sourcecode.c.h; path = OrderedCollection.h; sourceTree = "<group>"; };
		860EDAA317F7CFC1001BEEEE /* UnorderedCollection.h */ = {isa = PBXFileReference; fileEncoding = 4; lastKnownFileType = sourcecode.c.h; path = UnorderedCollection.h; sourceTree = "<group>"; };
		860EDAA417F7CFC1001BEEEE /* NSObject.h */ = {isa = PBXFileReference; fileEncoding = 4; lastKnownFileType = sourcecode.c.h; path = NSObject.h; sourceTree = "<group>"; };
		860EDAA617F7CFC1001BEEEE /* Core.h */ = {isa = PBXFileReference; fileEncoding = 4; lastKnownFileType = sourcecode.c.h; path = Core.h; sourceTree = "<group>"; };
		860EDAA717F7CFC1001BEEEE /* Core.m */ = {isa = PBXFileReference; fileEncoding = 4; lastKnownFileType = sourcecode.c.objc; path = Core.m; sourceTree = "<group>"; };
		860EDAA817F7CFC1001BEEEE /* NSOrderedSet.h */ = {isa = PBXFileReference; fileEncoding = 4; lastKnownFileType = sourcecode.c.h; path = NSOrderedSet.h; sourceTree = "<group>"; };
		860EDAA917F7CFC1001BEEEE /* NSRange.h */ = {isa = PBXFileReference; fileEncoding = 4; lastKnownFileType = sourcecode.c.h; path = NSRange.h; sourceTree = "<group>"; };
		860EDAAB17F7CFC1001BEEEE /* Core.h */ = {isa = PBXFileReference; fileEncoding = 4; lastKnownFileType = sourcecode.c.h; path = Core.h; sourceTree = "<group>"; };
		860EDAAC17F7CFC1001BEEEE /* Core.m */ = {isa = PBXFileReference; fileEncoding = 4; lastKnownFileType = sourcecode.c.objc; path = Core.m; sourceTree = "<group>"; };
		860EDAAD17F7CFC1001BEEEE /* NSSet.h */ = {isa = PBXFileReference; fileEncoding = 4; lastKnownFileType = sourcecode.c.h; path = NSSet.h; sourceTree = "<group>"; };
		860EDAAF17F7CFC1001BEEEE /* Capitalization.h */ = {isa = PBXFileReference; fileEncoding = 4; lastKnownFileType = sourcecode.c.h; path = Capitalization.h; sourceTree = "<group>"; };
		860EDAB017F7CFC1001BEEEE /* Capitalization.m */ = {isa = PBXFileReference; fileEncoding = 4; lastKnownFileType = sourcecode.c.objc; path = Capitalization.m; sourceTree = "<group>"; };
		860EDAB117F7CFC1001BEEEE /* Concatenation.h */ = {isa = PBXFileReference; fileEncoding = 4; lastKnownFileType = sourcecode.c.h; path = Concatenation.h; sourceTree = "<group>"; };
		860EDAB217F7CFC1001BEEEE /* Concatenation.m */ = {isa = PBXFileReference; fileEncoding = 4; lastKnownFileType = sourcecode.c.objc; path = Concatenation.m; sourceTree = "<group>"; };
		860EDAB317F7CFC1001BEEEE /* Core.h */ = {isa = PBXFileReference; fileEncoding = 4; lastKnownFileType = sourcecode.c.h; path = Core.h; sourceTree = "<group>"; };
		860EDAB417F7CFC1001BEEEE /* Core.m */ = {isa = PBXFileReference; fileEncoding = 4; lastKnownFileType = sourcecode.c.objc; path = Core.m; sourceTree = "<group>"; };
		860EDAB517F7CFC1001BEEEE /* RegularExpressions.h */ = {isa = PBXFileReference; fileEncoding = 4; lastKnownFileType = sourcecode.c.h; path = RegularExpressions.h; sourceTree = "<group>"; };
		860EDAB617F7CFC1001BEEEE /* RegularExpressions.m */ = {isa = PBXFileReference; fileEncoding = 4; lastKnownFileType = sourcecode.c.objc; path = RegularExpressions.m; sourceTree = "<group>"; };
		860EDAB717F7CFC1001BEEEE /* URL.h */ = {isa = PBXFileReference; fileEncoding = 4; lastKnownFileType = sourcecode.c.h; path = URL.h; sourceTree = "<group>"; };
		860EDAB817F7CFC1001BEEEE /* URL.m */ = {isa = PBXFileReference; fileEncoding = 4; lastKnownFileType = sourcecode.c.objc; path = URL.m; sourceTree = "<group>"; };
		860EDAB917F7CFC1001BEEEE /* NSString.h */ = {isa = PBXFileReference; fileEncoding = 4; lastKnownFileType = sourcecode.c.h; path = NSString.h; sourceTree = "<group>"; };
		860EDABB17F7CFC1001BEEEE /* QueryComponents.h */ = {isa = PBXFileReference; fileEncoding = 4; lastKnownFileType = sourcecode.c.h; path = QueryComponents.h; sourceTree = "<group>"; };
		860EDABC17F7CFC1001BEEEE /* QueryComponents.m */ = {isa = PBXFileReference; fileEncoding = 4; lastKnownFileType = sourcecode.c.objc; path = QueryComponents.m; sourceTree = "<group>"; };
		860EDABD17F7CFC1001BEEEE /* NSURL.h */ = {isa = PBXFileReference; fileEncoding = 4; lastKnownFileType = sourcecode.c.h; path = NSURL.h; sourceTree = "<group>"; };
		860EDABE17F7CFC1001BEEEE /* NSURLError.h */ = {isa = PBXFileReference; fileEncoding = 4; lastKnownFileType = sourcecode.c.h; path = NSURLError.h; sourceTree = "<group>"; };
		860EDAC117F7CFC1001BEEEE /* Core_Tests.m */ = {isa = PBXFileReference; fileEncoding = 4; lastKnownFileType = sourcecode.c.objc; path = Core_Tests.m; sourceTree = "<group>"; };
		860EDAC217F7CFC1001BEEEE /* Flattening_Tests.m */ = {isa = PBXFileReference; fileEncoding = 4; lastKnownFileType = sourcecode.c.objc; path = Flattening_Tests.m; sourceTree = "<group>"; };
		860EDAC317F7CFC1001BEEEE /* Mapping_Tests.m */ = {isa = PBXFileReference; fileEncoding = 4; lastKnownFileType = sourcecode.c.objc; path = Mapping_Tests.m; sourceTree = "<group>"; };
		860EDAC417F7CFC1001BEEEE /* Querying_Tests.m */ = {isa = PBXFileReference; fileEncoding = 4; lastKnownFileType = sourcecode.c.objc; path = Querying_Tests.m; sourceTree = "<group>"; };
		860EDAC617F7CFC1001BEEEE /* NSDictionary_Tests.m */ = {isa = PBXFileReference; fileEncoding = 4; lastKnownFileType = sourcecode.c.objc; path = NSDictionary_Tests.m; sourceTree = "<group>"; };
		860EDAC817F7CFC1001BEEEE /* Core_Tests.m */ = {isa = PBXFileReference; fileEncoding = 4; lastKnownFileType = sourcecode.c.objc; path = Core_Tests.m; sourceTree = "<group>"; };
		860EDACA17F7CFC1001BEEEE /* NSObjCRuntime_Tests.m */ = {isa = PBXFileReference; fileEncoding = 4; lastKnownFileType = sourcecode.c.objc; path = NSObjCRuntime_Tests.m; sourceTree = "<group>"; };
		860EDACC17F7CFC1001BEEEE /* Core_Tests.m */ = {isa = PBXFileReference; fileEncoding = 4; lastKnownFileType = sourcecode.c.objc; path = Core_Tests.m; sourceTree = "<group>"; };
		860EDACE17F7CFC1001BEEEE /* NSRange_Tests.m */ = {isa = PBXFileReference; fileEncoding = 4; lastKnownFileType = sourcecode.c.objc; path = NSRange_Tests.m; sourceTree = "<group>"; };
		860EDAD017F7CFC1001BEEEE /* Core_Tests.m */ = {isa = PBXFileReference; fileEncoding = 4; lastKnownFileType = sourcecode.c.objc; path = Core_Tests.m; sourceTree = "<group>"; };
		860EDAD217F7CFC1001BEEEE /* Capitalization_Tests.m */ = {isa = PBXFileReference; fileEncoding = 4; lastKnownFileType = sourcecode.c.objc; path = Capitalization_Tests.m; sourceTree = "<group>"; };
		860EDAD317F7CFC1001BEEEE /* URL_Tests.m */ = {isa = PBXFileReference; fileEncoding = 4; lastKnownFileType = sourcecode.c.objc; path = URL_Tests.m; sourceTree = "<group>"; };
		860EDAD517F7CFC1001BEEEE /* QueryComponents_Tests.m */ = {isa = PBXFileReference; fileEncoding = 4; lastKnownFileType = sourcecode.c.objc; path = QueryComponents_Tests.m; sourceTree = "<group>"; };
		860EDAD617F7CFC1001BEEEE /* TestHelpers.h */ = {isa = PBXFileReference; fileEncoding = 4; lastKnownFileType = sourcecode.c.h; path = TestHelpers.h; sourceTree = "<group>"; };
		FC1C29D93CED45DD949A4C1C /* Pods-FoundationExtensionsAppTests.xcconfig */ = {isa = PBXFileReference; includeInIndex = 1; lastKnownFileType = text.xcconfig; name = "Pods-FoundationExtensionsAppTests.xcconfig"; path = "Pods/Pods-FoundationExtensionsAppTests.xcconfig"; sourceTree = "<group>"; };
/* End PBXFileReference section */

/* Begin PBXFrameworksBuildPhase section */
		860EDA3317F7CF8F001BEEEE /* Frameworks */ = {
			isa = PBXFrameworksBuildPhase;
			buildActionMask = 2147483647;
			files = (
				860EDA3C17F7CF8F001BEEEE /* CoreGraphics.framework in Frameworks */,
				860EDA3E17F7CF8F001BEEEE /* UIKit.framework in Frameworks */,
				860EDA3A17F7CF8F001BEEEE /* Foundation.framework in Frameworks */,
			);
			runOnlyForDeploymentPostprocessing = 0;
		};
		860EDA7217F7CFAF001BEEEE /* Frameworks */ = {
			isa = PBXFrameworksBuildPhase;
			buildActionMask = 2147483647;
			files = (
				860EDA7717F7CFAF001BEEEE /* SenTestingKit.framework in Frameworks */,
				860EDA7917F7CFAF001BEEEE /* UIKit.framework in Frameworks */,
				860EDA7817F7CFAF001BEEEE /* Foundation.framework in Frameworks */,
				0B763B96AA8D4C4DB3124A92 /* libPods-FoundationExtensionsAppTests.a in Frameworks */,
			);
			runOnlyForDeploymentPostprocessing = 0;
		};
/* End PBXFrameworksBuildPhase section */

/* Begin PBXGroup section */
		860EDA2D17F7CF8F001BEEEE = {
			isa = PBXGroup;
			children = (
				860EDA8817F7CFC1001BEEEE /* FoundationExtensions */,
				860EDABF17F7CFC1001BEEEE /* Tests */,
				860EDA3F17F7CF8F001BEEEE /* FoundationExtensionsApp */,
				860EDA7A17F7CFAF001BEEEE /* FoundationExtensionsAppTests */,
				860EDA3817F7CF8F001BEEEE /* Frameworks */,
				860EDA3717F7CF8F001BEEEE /* Products */,
				FC1C29D93CED45DD949A4C1C /* Pods-FoundationExtensionsAppTests.xcconfig */,
			);
			sourceTree = "<group>";
		};
		860EDA3717F7CF8F001BEEEE /* Products */ = {
			isa = PBXGroup;
			children = (
				860EDA3617F7CF8F001BEEEE /* FoundationExtensionsApp.app */,
				860EDA7517F7CFAF001BEEEE /* FoundationExtensionsAppTests.octest */,
			);
			name = Products;
			sourceTree = "<group>";
		};
		860EDA3817F7CF8F001BEEEE /* Frameworks */ = {
			isa = PBXGroup;
			children = (
				860EDA3917F7CF8F001BEEEE /* Foundation.framework */,
				860EDA3B17F7CF8F001BEEEE /* CoreGraphics.framework */,
				860EDA3D17F7CF8F001BEEEE /* UIKit.framework */,
				860EDA5B17F7CF8F001BEEEE /* XCTest.framework */,
				860EDA7617F7CFAF001BEEEE /* SenTestingKit.framework */,
				2507EB090AF140669FADF807 /* libPods-FoundationExtensionsAppTests.a */,
			);
			name = Frameworks;
			sourceTree = "<group>";
		};
		860EDA3F17F7CF8F001BEEEE /* FoundationExtensionsApp */ = {
			isa = PBXGroup;
			children = (
				860EDA4817F7CF8F001BEEEE /* AppDelegate.h */,
				860EDA4917F7CF8F001BEEEE /* AppDelegate.m */,
				860EDA5117F7CF8F001BEEEE /* ViewController.h */,
				860EDA5217F7CF8F001BEEEE /* ViewController.m */,
				860EDA5417F7CF8F001BEEEE /* Images.xcassets */,
				860EDA4017F7CF8F001BEEEE /* Supporting Files */,
			);
			path = FoundationExtensionsApp;
			sourceTree = "<group>";
		};
		860EDA4017F7CF8F001BEEEE /* Supporting Files */ = {
			isa = PBXGroup;
			children = (
				860EDA4117F7CF8F001BEEEE /* FoundationExtensionsApp-Info.plist */,
				860EDA4217F7CF8F001BEEEE /* InfoPlist.strings */,
				860EDA4517F7CF8F001BEEEE /* main.m */,
				860EDA4717F7CF8F001BEEEE /* FoundationExtensionsApp-Prefix.pch */,
			);
			name = "Supporting Files";
			sourceTree = "<group>";
		};
		860EDA7A17F7CFAF001BEEEE /* FoundationExtensionsAppTests */ = {
			isa = PBXGroup;
			children = (
				860EDA7B17F7CFAF001BEEEE /* Supporting Files */,
			);
			path = FoundationExtensionsAppTests;
			sourceTree = "<group>";
		};
		860EDA7B17F7CFAF001BEEEE /* Supporting Files */ = {
			isa = PBXGroup;
			children = (
				860EDA7C17F7CFAF001BEEEE /* FoundationExtensionsAppTests-Info.plist */,
				860EDA7D17F7CFAF001BEEEE /* InfoPlist.strings */,
				860EDA8217F7CFAF001BEEEE /* FoundationExtensionsAppTests-Prefix.pch */,
			);
			name = "Supporting Files";
			sourceTree = "<group>";
		};
		860EDA8817F7CFC1001BEEEE /* FoundationExtensions */ = {
			isa = PBXGroup;
			children = (
				860EDA8917F7CFC1001BEEEE /* FoundationsExtensions.h */,
				860EDA8A17F7CFC1001BEEEE /* NSArray */,
				860EDA9317F7CFC1001BEEEE /* NSArray.h */,
				860EDA9417F7CFC1001BEEEE /* NSDictionary */,
				860EDA9917F7CFC1001BEEEE /* NSDictionary.h */,
				860EDA9A17F7CFC1001BEEEE /* NSIndexSet */,
				860EDA9D17F7CFC1001BEEEE /* NSIndexSet.h */,
				860EDA9E17F7CFC1001BEEEE /* NSObjCRuntime.h */,
				860EDA9F17F7CFC1001BEEEE /* NSObject */,
				860EDAA417F7CFC1001BEEEE /* NSObject.h */,
				860EDAA517F7CFC1001BEEEE /* NSOrderedSet */,
				860EDAA817F7CFC1001BEEEE /* NSOrderedSet.h */,
				860EDAA917F7CFC1001BEEEE /* NSRange.h */,
				860EDAAA17F7CFC1001BEEEE /* NSSet */,
				860EDAAD17F7CFC1001BEEEE /* NSSet.h */,
				860EDAAE17F7CFC1001BEEEE /* NSString */,
				860EDAB917F7CFC1001BEEEE /* NSString.h */,
				860EDABA17F7CFC1001BEEEE /* NSURL */,
				860EDABD17F7CFC1001BEEEE /* NSURL.h */,
				860EDABE17F7CFC1001BEEEE /* NSURLError.h */,
			);
			name = FoundationExtensions;
			path = ../FoundationExtensions;
			sourceTree = "<group>";
		};
		860EDA8A17F7CFC1001BEEEE /* NSArray */ = {
			isa = PBXGroup;
			children = (
				860EDA8B17F7CFC1001BEEEE /* Core.h */,
				860EDA8C17F7CFC1001BEEEE /* Core.m */,
				860EDA8D17F7CFC1001BEEEE /* Flattening.h */,
				860EDA8E17F7CFC1001BEEEE /* Flattening.m */,
				860EDA8F17F7CFC1001BEEEE /* Mapping.h */,
				860EDA9017F7CFC1001BEEEE /* Mapping.m */,
				860EDA9117F7CFC1001BEEEE /* Querying.h */,
				860EDA9217F7CFC1001BEEEE /* Querying.m */,
			);
			path = NSArray;
			sourceTree = "<group>";
		};
		860EDA9417F7CFC1001BEEEE /* NSDictionary */ = {
			isa = PBXGroup;
			children = (
				860EDA9517F7CFC1001BEEEE /* Inversion.h */,
				860EDA9617F7CFC1001BEEEE /* Inversion.m */,
				860EDA9717F7CFC1001BEEEE /* URL.h */,
				860EDA9817F7CFC1001BEEEE /* URL.m */,
			);
			path = NSDictionary;
			sourceTree = "<group>";
		};
		860EDA9A17F7CFC1001BEEEE /* NSIndexSet */ = {
			isa = PBXGroup;
			children = (
				860EDA9B17F7CFC1001BEEEE /* Core.h */,
				860EDA9C17F7CFC1001BEEEE /* Core.m */,
			);
			path = NSIndexSet;
			sourceTree = "<group>";
		};
		860EDA9F17F7CFC1001BEEEE /* NSObject */ = {
			isa = PBXGroup;
			children = (
				860EDAA017F7CFC1001BEEEE /* Blocks.h */,
				860EDAA117F7CFC1001BEEEE /* Blocks.m */,
				860EDAA217F7CFC1001BEEEE /* OrderedCollection.h */,
				860EDAA317F7CFC1001BEEEE /* UnorderedCollection.h */,
			);
			path = NSObject;
			sourceTree = "<group>";
		};
		860EDAA517F7CFC1001BEEEE /* NSOrderedSet */ = {
			isa = PBXGroup;
			children = (
				860EDAA617F7CFC1001BEEEE /* Core.h */,
				860EDAA717F7CFC1001BEEEE /* Core.m */,
			);
			path = NSOrderedSet;
			sourceTree = "<group>";
		};
		860EDAAA17F7CFC1001BEEEE /* NSSet */ = {
			isa = PBXGroup;
			children = (
				860EDAAB17F7CFC1001BEEEE /* Core.h */,
				860EDAAC17F7CFC1001BEEEE /* Core.m */,
			);
			path = NSSet;
			sourceTree = "<group>";
		};
		860EDAAE17F7CFC1001BEEEE /* NSString */ = {
			isa = PBXGroup;
			children = (
				860EDAAF17F7CFC1001BEEEE /* Capitalization.h */,
				860EDAB017F7CFC1001BEEEE /* Capitalization.m */,
				860EDAB117F7CFC1001BEEEE /* Concatenation.h */,
				860EDAB217F7CFC1001BEEEE /* Concatenation.m */,
				860EDAB317F7CFC1001BEEEE /* Core.h */,
				860EDAB417F7CFC1001BEEEE /* Core.m */,
				860EDAB517F7CFC1001BEEEE /* RegularExpressions.h */,
				860EDAB617F7CFC1001BEEEE /* RegularExpressions.m */,
				860EDAB717F7CFC1001BEEEE /* URL.h */,
				860EDAB817F7CFC1001BEEEE /* URL.m */,
			);
			path = NSString;
			sourceTree = "<group>";
		};
		860EDABA17F7CFC1001BEEEE /* NSURL */ = {
			isa = PBXGroup;
			children = (
				860EDABB17F7CFC1001BEEEE /* QueryComponents.h */,
				860EDABC17F7CFC1001BEEEE /* QueryComponents.m */,
			);
			path = NSURL;
			sourceTree = "<group>";
		};
		860EDABF17F7CFC1001BEEEE /* Tests */ = {
			isa = PBXGroup;
			children = (
				860EDAC017F7CFC1001BEEEE /* NSArray */,
				860EDAC517F7CFC1001BEEEE /* NSDictionary */,
				860EDAC717F7CFC1001BEEEE /* NSIndexSet */,
				860EDAC917F7CFC1001BEEEE /* NSObjCRuntime */,
				860EDACB17F7CFC1001BEEEE /* NSOrderedSet */,
				860EDACD17F7CFC1001BEEEE /* NSRange */,
				860EDACF17F7CFC1001BEEEE /* NSSet */,
				860EDAD117F7CFC1001BEEEE /* NSString */,
				860EDAD417F7CFC1001BEEEE /* NSURL */,
				860EDAD617F7CFC1001BEEEE /* TestHelpers.h */,
			);
			name = Tests;
			path = ../Tests;
			sourceTree = "<group>";
		};
		860EDAC017F7CFC1001BEEEE /* NSArray */ = {
			isa = PBXGroup;
			children = (
				860EDAC117F7CFC1001BEEEE /* Core_Tests.m */,
				860EDAC217F7CFC1001BEEEE /* Flattening_Tests.m */,
				860EDAC317F7CFC1001BEEEE /* Mapping_Tests.m */,
				860EDAC417F7CFC1001BEEEE /* Querying_Tests.m */,
			);
			path = NSArray;
			sourceTree = "<group>";
		};
		860EDAC517F7CFC1001BEEEE /* NSDictionary */ = {
			isa = PBXGroup;
			children = (
				860EDAC617F7CFC1001BEEEE /* NSDictionary_Tests.m */,
			);
			path = NSDictionary;
			sourceTree = "<group>";
		};
		860EDAC717F7CFC1001BEEEE /* NSIndexSet */ = {
			isa = PBXGroup;
			children = (
				860EDAC817F7CFC1001BEEEE /* Core_Tests.m */,
			);
			path = NSIndexSet;
			sourceTree = "<group>";
		};
		860EDAC917F7CFC1001BEEEE /* NSObjCRuntime */ = {
			isa = PBXGroup;
			children = (
				860EDACA17F7CFC1001BEEEE /* NSObjCRuntime_Tests.m */,
			);
			path = NSObjCRuntime;
			sourceTree = "<group>";
		};
		860EDACB17F7CFC1001BEEEE /* NSOrderedSet */ = {
			isa = PBXGroup;
			children = (
				860EDACC17F7CFC1001BEEEE /* Core_Tests.m */,
			);
			path = NSOrderedSet;
			sourceTree = "<group>";
		};
		860EDACD17F7CFC1001BEEEE /* NSRange */ = {
			isa = PBXGroup;
			children = (
				860EDACE17F7CFC1001BEEEE /* NSRange_Tests.m */,
			);
			path = NSRange;
			sourceTree = "<group>";
		};
		860EDACF17F7CFC1001BEEEE /* NSSet */ = {
			isa = PBXGroup;
			children = (
				860EDAD017F7CFC1001BEEEE /* Core_Tests.m */,
			);
			path = NSSet;
			sourceTree = "<group>";
		};
		860EDAD117F7CFC1001BEEEE /* NSString */ = {
			isa = PBXGroup;
			children = (
				860EDAD217F7CFC1001BEEEE /* Capitalization_Tests.m */,
				860EDAD317F7CFC1001BEEEE /* URL_Tests.m */,
			);
			path = NSString;
			sourceTree = "<group>";
		};
		860EDAD417F7CFC1001BEEEE /* NSURL */ = {
			isa = PBXGroup;
			children = (
				860EDAD517F7CFC1001BEEEE /* QueryComponents_Tests.m */,
			);
			path = NSURL;
			sourceTree = "<group>";
		};
/* End PBXGroup section */

/* Begin PBXNativeTarget section */
		860EDA3517F7CF8F001BEEEE /* FoundationExtensionsApp */ = {
			isa = PBXNativeTarget;
			buildConfigurationList = 860EDA6B17F7CF8F001BEEEE /* Build configuration list for PBXNativeTarget "FoundationExtensionsApp" */;
			buildPhases = (
				860EDA3217F7CF8F001BEEEE /* Sources */,
				860EDA3317F7CF8F001BEEEE /* Frameworks */,
				860EDA3417F7CF8F001BEEEE /* Resources */,
			);
			buildRules = (
			);
			dependencies = (
			);
			name = FoundationExtensionsApp;
			productName = FoundationExtensionsApp;
			productReference = 860EDA3617F7CF8F001BEEEE /* FoundationExtensionsApp.app */;
			productType = "com.apple.product-type.application";
		};
		860EDA7417F7CFAF001BEEEE /* FoundationExtensionsAppTests */ = {
			isa = PBXNativeTarget;
			buildConfigurationList = 860EDA8517F7CFAF001BEEEE /* Build configuration list for PBXNativeTarget "FoundationExtensionsAppTests" */;
			buildPhases = (
				48C0799DB0DE4043A33E887D /* Check Pods Manifest.lock */,
				860EDA7117F7CFAF001BEEEE /* Sources */,
				860EDA7217F7CFAF001BEEEE /* Frameworks */,
				860EDA7317F7CFAF001BEEEE /* Resources */,
				7B8C1142478043BF8A56D365 /* Copy Pods Resources */,
			);
			buildRules = (
			);
			dependencies = (
				860EDA8417F7CFAF001BEEEE /* PBXTargetDependency */,
			);
			name = FoundationExtensionsAppTests;
			productName = FoundationExtensionsAppTests;
			productReference = 860EDA7517F7CFAF001BEEEE /* FoundationExtensionsAppTests.octest */;
			productType = "com.apple.product-type.bundle";
		};
/* End PBXNativeTarget section */

/* Begin PBXProject section */
		860EDA2E17F7CF8F001BEEEE /* Project object */ = {
			isa = PBXProject;
			attributes = {
				LastUpgradeCheck = 0500;
				ORGANIZATIONNAME = "Stanislaw Pankevich";
				TargetAttributes = {
					860EDA7417F7CFAF001BEEEE = {
						TestTargetID = 860EDA3517F7CF8F001BEEEE;
					};
				};
			};
			buildConfigurationList = 860EDA3117F7CF8F001BEEEE /* Build configuration list for PBXProject "FoundationExtensionsApp" */;
			compatibilityVersion = "Xcode 3.2";
			developmentRegion = English;
			hasScannedForEncodings = 0;
			knownRegions = (
				en,
				Base,
			);
			mainGroup = 860EDA2D17F7CF8F001BEEEE;
			productRefGroup = 860EDA3717F7CF8F001BEEEE /* Products */;
			projectDirPath = "";
			projectRoot = "";
			targets = (
				860EDA3517F7CF8F001BEEEE /* FoundationExtensionsApp */,
				860EDA7417F7CFAF001BEEEE /* FoundationExtensionsAppTests */,
			);
		};
/* End PBXProject section */

/* Begin PBXResourcesBuildPhase section */
		860EDA3417F7CF8F001BEEEE /* Resources */ = {
			isa = PBXResourcesBuildPhase;
			buildActionMask = 2147483647;
			files = (
				860EDA5517F7CF8F001BEEEE /* Images.xcassets in Resources */,
				860EDA4417F7CF8F001BEEEE /* InfoPlist.strings in Resources */,
			);
			runOnlyForDeploymentPostprocessing = 0;
		};
		860EDA7317F7CFAF001BEEEE /* Resources */ = {
			isa = PBXResourcesBuildPhase;
			buildActionMask = 2147483647;
			files = (
				860EDA7F17F7CFAF001BEEEE /* InfoPlist.strings in Resources */,
			);
			runOnlyForDeploymentPostprocessing = 0;
		};
/* End PBXResourcesBuildPhase section */

/* Begin PBXShellScriptBuildPhase section */
		48C0799DB0DE4043A33E887D /* Check Pods Manifest.lock */ = {
			isa = PBXShellScriptBuildPhase;
			buildActionMask = 2147483647;
			files = (
			);
			inputPaths = (
			);
			name = "Check Pods Manifest.lock";
			outputPaths = (
			);
			runOnlyForDeploymentPostprocessing = 0;
			shellPath = /bin/sh;
			shellScript = "diff \"${PODS_ROOT}/../Podfile.lock\" \"${PODS_ROOT}/Manifest.lock\" > /dev/null\nif [[ $? != 0 ]] ; then\n    cat << EOM\nerror: The sandbox is not in sync with the Podfile.lock. Run 'pod install' or update your CocoaPods installation.\nEOM\n    exit 1\nfi\n";
			showEnvVarsInLog = 0;
		};
		7B8C1142478043BF8A56D365 /* Copy Pods Resources */ = {
			isa = PBXShellScriptBuildPhase;
			buildActionMask = 2147483647;
			files = (
			);
			inputPaths = (
			);
			name = "Copy Pods Resources";
			outputPaths = (
			);
			runOnlyForDeploymentPostprocessing = 0;
			shellPath = /bin/sh;
			shellScript = "\"${SRCROOT}/Pods/Pods-FoundationExtensionsAppTests-resources.sh\"\n";
			showEnvVarsInLog = 0;
		};
/* End PBXShellScriptBuildPhase section */

/* Begin PBXSourcesBuildPhase section */
		860EDA3217F7CF8F001BEEEE /* Sources */ = {
			isa = PBXSourcesBuildPhase;
			buildActionMask = 2147483647;
			files = (
				860EDA5317F7CF8F001BEEEE /* ViewController.m in Sources */,
				860EDA4A17F7CF8F001BEEEE /* AppDelegate.m in Sources */,
				860EDA4617F7CF8F001BEEEE /* main.m in Sources */,
			);
			runOnlyForDeploymentPostprocessing = 0;
		};
		860EDA7117F7CFAF001BEEEE /* Sources */ = {
			isa = PBXSourcesBuildPhase;
			buildActionMask = 2147483647;
			files = (
				860EDB0517F7CFF7001BEEEE /* Inversion.m in Sources */,
				860EDB0617F7CFF7001BEEEE /* URL.m in Sources */,
				860EDB0717F7CFF7001BEEEE /* Core.m in Sources */,
				860EDB0817F7CFF7001BEEEE /* Blocks.m in Sources */,
				860EDB0917F7CFF7001BEEEE /* Core.m in Sources */,
				860EDB0A17F7CFF7001BEEEE /* Core.m in Sources */,
				860EDB0B17F7CFF7001BEEEE /* Capitalization.m in Sources */,
				860EDB0C17F7CFF7001BEEEE /* Concatenation.m in Sources */,
				860EDB0D17F7CFF7001BEEEE /* Core.m in Sources */,
				860EDB0E17F7CFF7001BEEEE /* RegularExpressions.m in Sources */,
				860EDB0F17F7CFF7001BEEEE /* URL.m in Sources */,
				860EDB1017F7CFF7001BEEEE /* QueryComponents.m in Sources */,
				860EDB0117F7CFEA001BEEEE /* Core.m in Sources */,
				860EDB0217F7CFEA001BEEEE /* Flattening.m in Sources */,
				860EDB0317F7CFEA001BEEEE /* Mapping.m in Sources */,
				860EDB0417F7CFEA001BEEEE /* Querying.m in Sources */,
				860EDAF417F7CFDF001BEEEE /* Core_Tests.m in Sources */,
				860EDAF517F7CFDF001BEEEE /* Flattening_Tests.m in Sources */,
				860EDAF617F7CFDF001BEEEE /* Mapping_Tests.m in Sources */,
				860EDAF717F7CFDF001BEEEE /* Querying_Tests.m in Sources */,
				860EDAF817F7CFDF001BEEEE /* NSDictionary_Tests.m in Sources */,
				860EDAF917F7CFDF001BEEEE /* Core_Tests.m in Sources */,
				860EDAFA17F7CFDF001BEEEE /* NSObjCRuntime_Tests.m in Sources */,
				860EDAFB17F7CFDF001BEEEE /* Core_Tests.m in Sources */,
				860EDAFC17F7CFDF001BEEEE /* NSRange_Tests.m in Sources */,
				860EDAFD17F7CFDF001BEEEE /* Core_Tests.m in Sources */,
				860EDAFE17F7CFDF001BEEEE /* Capitalization_Tests.m in Sources */,
				860EDAFF17F7CFDF001BEEEE /* URL_Tests.m in Sources */,
				860EDB0017F7CFDF001BEEEE /* QueryComponents_Tests.m in Sources */,
			);
			runOnlyForDeploymentPostprocessing = 0;
		};
/* End PBXSourcesBuildPhase section */

/* Begin PBXTargetDependency section */
		860EDA8417F7CFAF001BEEEE /* PBXTargetDependency */ = {
			isa = PBXTargetDependency;
			target = 860EDA3517F7CF8F001BEEEE /* FoundationExtensionsApp */;
			targetProxy = 860EDA8317F7CFAF001BEEEE /* PBXContainerItemProxy */;
		};
/* End PBXTargetDependency section */

/* Begin PBXVariantGroup section */
		860EDA4217F7CF8F001BEEEE /* InfoPlist.strings */ = {
			isa = PBXVariantGroup;
			children = (
				860EDA4317F7CF8F001BEEEE /* en */,
			);
			name = InfoPlist.strings;
			sourceTree = "<group>";
		};
		860EDA7D17F7CFAF001BEEEE /* InfoPlist.strings */ = {
			isa = PBXVariantGroup;
			children = (
				860EDA7E17F7CFAF001BEEEE /* en */,
			);
			name = InfoPlist.strings;
			sourceTree = "<group>";
		};
/* End PBXVariantGroup section */

/* Begin XCBuildConfiguration section */
		860EDA6917F7CF8F001BEEEE /* Debug */ = {
			isa = XCBuildConfiguration;
			buildSettings = {
				ALWAYS_SEARCH_USER_PATHS = NO;
				ARCHS = "$(ARCHS_STANDARD_INCLUDING_64_BIT)";
				CLANG_CXX_LANGUAGE_STANDARD = "gnu++0x";
				CLANG_CXX_LIBRARY = "libc++";
				CLANG_ENABLE_MODULES = YES;
				CLANG_ENABLE_OBJC_ARC = YES;
				CLANG_WARN_BOOL_CONVERSION = YES;
				CLANG_WARN_CONSTANT_CONVERSION = YES;
				CLANG_WARN_DIRECT_OBJC_ISA_USAGE = YES_ERROR;
				CLANG_WARN_EMPTY_BODY = YES;
				CLANG_WARN_ENUM_CONVERSION = YES;
				CLANG_WARN_INT_CONVERSION = YES;
				CLANG_WARN_OBJC_ROOT_CLASS = YES_ERROR;
				CLANG_WARN__DUPLICATE_METHOD_MATCH = YES;
				"CODE_SIGN_IDENTITY[sdk=iphoneos*]" = "iPhone Developer";
				COPY_PHASE_STRIP = NO;
				GCC_C_LANGUAGE_STANDARD = gnu99;
				GCC_DYNAMIC_NO_PIC = NO;
				GCC_OPTIMIZATION_LEVEL = 0;
				GCC_PREPROCESSOR_DEFINITIONS = (
					"DEBUG=1",
					"$(inherited)",
				);
				GCC_SYMBOLS_PRIVATE_EXTERN = NO;
				GCC_WARN_64_TO_32_BIT_CONVERSION = YES;
				GCC_WARN_ABOUT_RETURN_TYPE = YES_ERROR;
				GCC_WARN_UNDECLARED_SELECTOR = YES;
				GCC_WARN_UNINITIALIZED_AUTOS = YES;
				GCC_WARN_UNUSED_FUNCTION = YES;
				GCC_WARN_UNUSED_VARIABLE = YES;
				IPHONEOS_DEPLOYMENT_TARGET = 5.0;
				ONLY_ACTIVE_ARCH = YES;
				SDKROOT = iphoneos;
				TARGETED_DEVICE_FAMILY = "1,2";
			};
			name = Debug;
		};
		860EDA6A17F7CF8F001BEEEE /* Release */ = {
			isa = XCBuildConfiguration;
			buildSettings = {
				ALWAYS_SEARCH_USER_PATHS = NO;
				ARCHS = "$(ARCHS_STANDARD_INCLUDING_64_BIT)";
				CLANG_CXX_LANGUAGE_STANDARD = "gnu++0x";
				CLANG_CXX_LIBRARY = "libc++";
				CLANG_ENABLE_MODULES = YES;
				CLANG_ENABLE_OBJC_ARC = YES;
				CLANG_WARN_BOOL_CONVERSION = YES;
				CLANG_WARN_CONSTANT_CONVERSION = YES;
				CLANG_WARN_DIRECT_OBJC_ISA_USAGE = YES_ERROR;
				CLANG_WARN_EMPTY_BODY = YES;
				CLANG_WARN_ENUM_CONVERSION = YES;
				CLANG_WARN_INT_CONVERSION = YES;
				CLANG_WARN_OBJC_ROOT_CLASS = YES_ERROR;
				CLANG_WARN__DUPLICATE_METHOD_MATCH = YES;
				"CODE_SIGN_IDENTITY[sdk=iphoneos*]" = "iPhone Developer";
				COPY_PHASE_STRIP = YES;
				ENABLE_NS_ASSERTIONS = NO;
				GCC_C_LANGUAGE_STANDARD = gnu99;
				GCC_WARN_64_TO_32_BIT_CONVERSION = YES;
				GCC_WARN_ABOUT_RETURN_TYPE = YES_ERROR;
				GCC_WARN_UNDECLARED_SELECTOR = YES;
				GCC_WARN_UNINITIALIZED_AUTOS = YES;
				GCC_WARN_UNUSED_FUNCTION = YES;
				GCC_WARN_UNUSED_VARIABLE = YES;
				IPHONEOS_DEPLOYMENT_TARGET = 5.0;
				SDKROOT = iphoneos;
				TARGETED_DEVICE_FAMILY = "1,2";
				VALIDATE_PRODUCT = YES;
			};
			name = Release;
		};
		860EDA6C17F7CF8F001BEEEE /* Debug */ = {
			isa = XCBuildConfiguration;
			buildSettings = {
				ASSETCATALOG_COMPILER_APPICON_NAME = AppIcon;
				ASSETCATALOG_COMPILER_LAUNCHIMAGE_NAME = LaunchImage;
				GCC_PRECOMPILE_PREFIX_HEADER = YES;
				GCC_PREFIX_HEADER = "FoundationExtensionsApp/FoundationExtensionsApp-Prefix.pch";
				INFOPLIST_FILE = "FoundationExtensionsApp/FoundationExtensionsApp-Info.plist";
				PRODUCT_NAME = "$(TARGET_NAME)";
				WRAPPER_EXTENSION = app;
			};
			name = Debug;
		};
		860EDA6D17F7CF8F001BEEEE /* Release */ = {
			isa = XCBuildConfiguration;
			buildSettings = {
				ASSETCATALOG_COMPILER_APPICON_NAME = AppIcon;
				ASSETCATALOG_COMPILER_LAUNCHIMAGE_NAME = LaunchImage;
				GCC_PRECOMPILE_PREFIX_HEADER = YES;
				GCC_PREFIX_HEADER = "FoundationExtensionsApp/FoundationExtensionsApp-Prefix.pch";
				INFOPLIST_FILE = "FoundationExtensionsApp/FoundationExtensionsApp-Info.plist";
				PRODUCT_NAME = "$(TARGET_NAME)";
				WRAPPER_EXTENSION = app;
			};
			name = Release;
		};
		860EDA8617F7CFAF001BEEEE /* Debug */ = {
			isa = XCBuildConfiguration;
			baseConfigurationReference = FC1C29D93CED45DD949A4C1C /* Pods-FoundationExtensionsAppTests.xcconfig */;
			buildSettings = {
				ARCHS = "$(ARCHS_STANDARD_INCLUDING_64_BIT)";
				BUNDLE_LOADER = "$(BUILT_PRODUCTS_DIR)/FoundationExtensionsApp.app/FoundationExtensionsApp";
				FRAMEWORK_SEARCH_PATHS = (
					"$(SDKROOT)/Developer/Library/Frameworks",
					"$(inherited)",
					"$(DEVELOPER_FRAMEWORKS_DIR)",
				);
				GCC_PRECOMPILE_PREFIX_HEADER = YES;
				GCC_PREFIX_HEADER = "FoundationExtensionsAppTests/FoundationExtensionsAppTests-Prefix.pch";
				GCC_PREPROCESSOR_DEFINITIONS = (
					"DEBUG=1",
					"$(inherited)",
				);
				INFOPLIST_FILE = "FoundationExtensionsAppTests/FoundationExtensionsAppTests-Info.plist";
				PRODUCT_NAME = "$(TARGET_NAME)";
				TEST_HOST = "$(BUNDLE_LOADER)";
				WRAPPER_EXTENSION = octest;
			};
			name = Debug;
		};
		860EDA8717F7CFAF001BEEEE /* Release */ = {
			isa = XCBuildConfiguration;
			baseConfigurationReference = FC1C29D93CED45DD949A4C1C /* Pods-FoundationExtensionsAppTests.xcconfig */;
			buildSettings = {
				ARCHS = "$(ARCHS_STANDARD_INCLUDING_64_BIT)";
				BUNDLE_LOADER = "$(BUILT_PRODUCTS_DIR)/FoundationExtensionsApp.app/FoundationExtensionsApp";
				FRAMEWORK_SEARCH_PATHS = (
					"$(SDKROOT)/Developer/Library/Frameworks",
					"$(inherited)",
					"$(DEVELOPER_FRAMEWORKS_DIR)",
				);
				GCC_PRECOMPILE_PREFIX_HEADER = YES;
				GCC_PREFIX_HEADER = "FoundationExtensionsAppTests/FoundationExtensionsAppTests-Prefix.pch";
				INFOPLIST_FILE = "FoundationExtensionsAppTests/FoundationExtensionsAppTests-Info.plist";
				PRODUCT_NAME = "$(TARGET_NAME)";
				TEST_HOST = "$(BUNDLE_LOADER)";
				WRAPPER_EXTENSION = octest;
			};
			name = Release;
		};
/* End XCBuildConfiguration section */

/* Begin XCConfigurationList section */
		860EDA3117F7CF8F001BEEEE /* Build configuration list for PBXProject "FoundationExtensionsApp" */ = {
			isa = XCConfigurationList;
			buildConfigurations = (
				860EDA6917F7CF8F001BEEEE /* Debug */,
				860EDA6A17F7CF8F001BEEEE /* Release */,
			);
			defaultConfigurationIsVisible = 0;
			defaultConfigurationName = Release;
		};
		860EDA6B17F7CF8F001BEEEE /* Build configuration list for PBXNativeTarget "FoundationExtensionsApp" */ = {
			isa = XCConfigurationList;
			buildConfigurations = (
				860EDA6C17F7CF8F001BEEEE /* Debug */,
				860EDA6D17F7CF8F001BEEEE /* Release */,
			);
			defaultConfigurationIsVisible = 0;
			defaultConfigurationName = Release;
		};
		860EDA8517F7CFAF001BEEEE /* Build configuration list for PBXNativeTarget "FoundationExtensionsAppTests" */ = {
			isa = XCConfigurationList;
			buildConfigurations = (
				860EDA8617F7CFAF001BEEEE /* Debug */,
				860EDA8717F7CFAF001BEEEE /* Release */,
			);
			defaultConfigurationIsVisible = 0;
			defaultConfigurationName = Release;
		};
/* End XCConfigurationList section */
	};
	rootObject = 860EDA2E17F7CF8F001BEEEE /* Project object */;
}
